
Microsoft Visual Studio Solution File, Format Version 12.00
# Visual Studio Version 17
VisualStudioVersion = 17.11.35327.3
MinimumVisualStudioVersion = 10.0.40219.1
Project("{9A19103F-16F7-4668-BE54-9A1E7A4F7556}") = "ConsoleTestApp", "ConsoleTestApp\ConsoleTestApp.csproj", "{34AF3113-1C16-4968-A24A-D04077F158E0}"
EndProject
Project("{9A19103F-16F7-4668-BE54-9A1E7A4F7556}") = "CustomQueueClassLibrary", "CustomQueueClassLibrary\CustomQueueClassLibrary.csproj", "{EA33A10A-4242-4442-B27D-34DDE2169F62}"
EndProject
Project("{9A19103F-16F7-4668-BE54-9A1E7A4F7556}") = "TestTimeConsumingOperationWebApi", "TestTimeConsumingOperationWebApi\TestTimeConsumingOperationWebApi.csproj", "{2C25A675-2D09-4E0C-9EF9-049A3E28924F}"
EndProject
Project("{FAE04EC0-301F-11D3-BF4B-00C04F79EFBC}") = "TestClientAsyncUWP", "TestClientAsyncUWP\TestClientAsyncUWP.csproj", "{5D227C39-4C4C-4845-83F9-08E45AB32278}"
EndProject
Project("{9A19103F-16F7-4668-BE54-9A1E7A4F7556}") = "StockMarketLibrary", "StockMarketLibrary\StockMarketLibrary.csproj", "{3E22608A-8984-4229-A855-050736C2B30B}"
EndProject
Project("{9A19103F-16F7-4668-BE54-9A1E7A4F7556}") = "TCPData", "TCPData\TCPData.csproj", "{8FF4B57B-FC4A-4F56-A132-E1E71BCE4A14}"
EndProject
Project("{9A19103F-16F7-4668-BE54-9A1E7A4F7556}") = "TCPExtensions", "TCPExtensions\TCPExtensions.csproj", "{A7669A4D-1700-407F-8BEF-2B2CE7AF226B}"
EndProject
Project("{FAE04EC0-301F-11D3-BF4B-00C04F79EFBC}") = "LoggingComponent", "LoggingComponent\LoggingComponent.csproj", "{2379E887-A3D5-4EF0-A26E-C64F7417851E}"
EndProject
Project("{FAE04EC0-301F-11D3-BF4B-00C04F79EFBC}") = "ValidationComponent", "ValidationComponent\ValidationComponent.csproj", "{B4F11A2B-6216-4156-9935-FB8A7572F02B}"
EndProject
Global
	GlobalSection(SolutionConfigurationPlatforms) = preSolution
		Debug|Any CPU = Debug|Any CPU
		Debug|ARM = Debug|ARM
		Debug|ARM64 = Debug|ARM64
		Debug|x64 = Debug|x64
		Debug|x86 = Debug|x86
		Release|Any CPU = Release|Any CPU
		Release|ARM = Release|ARM
		Release|ARM64 = Release|ARM64
		Release|x64 = Release|x64
		Release|x86 = Release|x86
	EndGlobalSection
	GlobalSection(ProjectConfigurationPlatforms) = postSolution
		{34AF3113-1C16-4968-A24A-D04077F158E0}.Debug|Any CPU.ActiveCfg = Debug|Any CPU
		{34AF3113-1C16-4968-A24A-D04077F158E0}.Debug|Any CPU.Build.0 = Debug|Any CPU
		{34AF3113-1C16-4968-A24A-D04077F158E0}.Debug|ARM.ActiveCfg = Debug|Any CPU
		{34AF3113-1C16-4968-A24A-D04077F158E0}.Debug|ARM.Build.0 = Debug|Any CPU
		{34AF3113-1C16-4968-A24A-D04077F158E0}.Debug|ARM64.ActiveCfg = Debug|Any CPU
		{34AF3113-1C16-4968-A24A-D04077F158E0}.Debug|ARM64.Build.0 = Debug|Any CPU
		{34AF3113-1C16-4968-A24A-D04077F158E0}.Debug|x64.ActiveCfg = Debug|Any CPU
		{34AF3113-1C16-4968-A24A-D04077F158E0}.Debug|x64.Build.0 = Debug|Any CPU
		{34AF3113-1C16-4968-A24A-D04077F158E0}.Debug|x86.ActiveCfg = Debug|Any CPU
		{34AF3113-1C16-4968-A24A-D04077F158E0}.Debug|x86.Build.0 = Debug|Any CPU
		{34AF3113-1C16-4968-A24A-D04077F158E0}.Release|Any CPU.ActiveCfg = Release|Any CPU
		{34AF3113-1C16-4968-A24A-D04077F158E0}.Release|Any CPU.Build.0 = Release|Any CPU
		{34AF3113-1C16-4968-A24A-D04077F158E0}.Release|ARM.ActiveCfg = Release|Any CPU
		{34AF3113-1C16-4968-A24A-D04077F158E0}.Release|ARM.Build.0 = Release|Any CPU
		{34AF3113-1C16-4968-A24A-D04077F158E0}.Release|ARM64.ActiveCfg = Release|Any CPU
		{34AF3113-1C16-4968-A24A-D04077F158E0}.Release|ARM64.Build.0 = Release|Any CPU
		{34AF3113-1C16-4968-A24A-D04077F158E0}.Release|x64.ActiveCfg = Release|Any CPU
		{34AF3113-1C16-4968-A24A-D04077F158E0}.Release|x64.Build.0 = Release|Any CPU
		{34AF3113-1C16-4968-A24A-D04077F158E0}.Release|x86.ActiveCfg = Release|Any CPU
		{34AF3113-1C16-4968-A24A-D04077F158E0}.Release|x86.Build.0 = Release|Any CPU
		{EA33A10A-4242-4442-B27D-34DDE2169F62}.Debug|Any CPU.ActiveCfg = Debug|Any CPU
		{EA33A10A-4242-4442-B27D-34DDE2169F62}.Debug|Any CPU.Build.0 = Debug|Any CPU
		{EA33A10A-4242-4442-B27D-34DDE2169F62}.Debug|ARM.ActiveCfg = Debug|Any CPU
		{EA33A10A-4242-4442-B27D-34DDE2169F62}.Debug|ARM.Build.0 = Debug|Any CPU
		{EA33A10A-4242-4442-B27D-34DDE2169F62}.Debug|ARM64.ActiveCfg = Debug|Any CPU
		{EA33A10A-4242-4442-B27D-34DDE2169F62}.Debug|ARM64.Build.0 = Debug|Any CPU
		{EA33A10A-4242-4442-B27D-34DDE2169F62}.Debug|x64.ActiveCfg = Debug|Any CPU
		{EA33A10A-4242-4442-B27D-34DDE2169F62}.Debug|x64.Build.0 = Debug|Any CPU
		{EA33A10A-4242-4442-B27D-34DDE2169F62}.Debug|x86.ActiveCfg = Debug|Any CPU
		{EA33A10A-4242-4442-B27D-34DDE2169F62}.Debug|x86.Build.0 = Debug|Any CPU
		{EA33A10A-4242-4442-B27D-34DDE2169F62}.Release|Any CPU.ActiveCfg = Release|Any CPU
		{EA33A10A-4242-4442-B27D-34DDE2169F62}.Release|Any CPU.Build.0 = Release|Any CPU
		{EA33A10A-4242-4442-B27D-34DDE2169F62}.Release|ARM.ActiveCfg = Release|Any CPU
		{EA33A10A-4242-4442-B27D-34DDE2169F62}.Release|ARM.Build.0 = Release|Any CPU
		{EA33A10A-4242-4442-B27D-34DDE2169F62}.Release|ARM64.ActiveCfg = Release|Any CPU
		{EA33A10A-4242-4442-B27D-34DDE2169F62}.Release|ARM64.Build.0 = Release|Any CPU
		{EA33A10A-4242-4442-B27D-34DDE2169F62}.Release|x64.ActiveCfg = Release|Any CPU
		{EA33A10A-4242-4442-B27D-34DDE2169F62}.Release|x64.Build.0 = Release|Any CPU
		{EA33A10A-4242-4442-B27D-34DDE2169F62}.Release|x86.ActiveCfg = Release|Any CPU
		{EA33A10A-4242-4442-B27D-34DDE2169F62}.Release|x86.Build.0 = Release|Any CPU
		{2C25A675-2D09-4E0C-9EF9-049A3E28924F}.Debug|Any CPU.ActiveCfg = Debug|Any CPU
		{2C25A675-2D09-4E0C-9EF9-049A3E28924F}.Debug|Any CPU.Build.0 = Debug|Any CPU
		{2C25A675-2D09-4E0C-9EF9-049A3E28924F}.Debug|ARM.ActiveCfg = Debug|Any CPU
		{2C25A675-2D09-4E0C-9EF9-049A3E28924F}.Debug|ARM.Build.0 = Debug|Any CPU
		{2C25A675-2D09-4E0C-9EF9-049A3E28924F}.Debug|ARM64.ActiveCfg = Debug|Any CPU
		{2C25A675-2D09-4E0C-9EF9-049A3E28924F}.Debug|ARM64.Build.0 = Debug|Any CPU
		{2C25A675-2D09-4E0C-9EF9-049A3E28924F}.Debug|x64.ActiveCfg = Debug|Any CPU
		{2C25A675-2D09-4E0C-9EF9-049A3E28924F}.Debug|x64.Build.0 = Debug|Any CPU
		{2C25A675-2D09-4E0C-9EF9-049A3E28924F}.Debug|x86.ActiveCfg = Debug|Any CPU
		{2C25A675-2D09-4E0C-9EF9-049A3E28924F}.Debug|x86.Build.0 = Debug|Any CPU
		{2C25A675-2D09-4E0C-9EF9-049A3E28924F}.Release|Any CPU.ActiveCfg = Release|Any CPU
		{2C25A675-2D09-4E0C-9EF9-049A3E28924F}.Release|Any CPU.Build.0 = Release|Any CPU
		{2C25A675-2D09-4E0C-9EF9-049A3E28924F}.Release|ARM.ActiveCfg = Release|Any CPU
		{2C25A675-2D09-4E0C-9EF9-049A3E28924F}.Release|ARM.Build.0 = Release|Any CPU
		{2C25A675-2D09-4E0C-9EF9-049A3E28924F}.Release|ARM64.ActiveCfg = Release|Any CPU
		{2C25A675-2D09-4E0C-9EF9-049A3E28924F}.Release|ARM64.Build.0 = Release|Any CPU
		{2C25A675-2D09-4E0C-9EF9-049A3E28924F}.Release|x64.ActiveCfg = Release|Any CPU
		{2C25A675-2D09-4E0C-9EF9-049A3E28924F}.Release|x64.Build.0 = Release|Any CPU
		{2C25A675-2D09-4E0C-9EF9-049A3E28924F}.Release|x86.ActiveCfg = Release|Any CPU
		{2C25A675-2D09-4E0C-9EF9-049A3E28924F}.Release|x86.Build.0 = Release|Any CPU
		{5D227C39-4C4C-4845-83F9-08E45AB32278}.Debug|Any CPU.ActiveCfg = Debug|x64
		{5D227C39-4C4C-4845-83F9-08E45AB32278}.Debug|Any CPU.Build.0 = Debug|x64
		{5D227C39-4C4C-4845-83F9-08E45AB32278}.Debug|Any CPU.Deploy.0 = Debug|x64
		{5D227C39-4C4C-4845-83F9-08E45AB32278}.Debug|ARM.ActiveCfg = Debug|ARM
		{5D227C39-4C4C-4845-83F9-08E45AB32278}.Debug|ARM.Build.0 = Debug|ARM
		{5D227C39-4C4C-4845-83F9-08E45AB32278}.Debug|ARM.Deploy.0 = Debug|ARM
		{5D227C39-4C4C-4845-83F9-08E45AB32278}.Debug|ARM64.ActiveCfg = Debug|ARM64
		{5D227C39-4C4C-4845-83F9-08E45AB32278}.Debug|ARM64.Build.0 = Debug|ARM64
		{5D227C39-4C4C-4845-83F9-08E45AB32278}.Debug|ARM64.Deploy.0 = Debug|ARM64
		{5D227C39-4C4C-4845-83F9-08E45AB32278}.Debug|x64.ActiveCfg = Debug|x64
		{5D227C39-4C4C-4845-83F9-08E45AB32278}.Debug|x64.Build.0 = Debug|x64
		{5D227C39-4C4C-4845-83F9-08E45AB32278}.Debug|x64.Deploy.0 = Debug|x64
		{5D227C39-4C4C-4845-83F9-08E45AB32278}.Debug|x86.ActiveCfg = Debug|x86
		{5D227C39-4C4C-4845-83F9-08E45AB32278}.Debug|x86.Build.0 = Debug|x86
		{5D227C39-4C4C-4845-83F9-08E45AB32278}.Debug|x86.Deploy.0 = Debug|x86
		{5D227C39-4C4C-4845-83F9-08E45AB32278}.Release|Any CPU.ActiveCfg = Release|x64
		{5D227C39-4C4C-4845-83F9-08E45AB32278}.Release|Any CPU.Build.0 = Release|x64
		{5D227C39-4C4C-4845-83F9-08E45AB32278}.Release|Any CPU.Deploy.0 = Release|x64
		{5D227C39-4C4C-4845-83F9-08E45AB32278}.Release|ARM.ActiveCfg = Release|ARM
		{5D227C39-4C4C-4845-83F9-08E45AB32278}.Release|ARM.Build.0 = Release|ARM
		{5D227C39-4C4C-4845-83F9-08E45AB32278}.Release|ARM.Deploy.0 = Release|ARM
		{5D227C39-4C4C-4845-83F9-08E45AB32278}.Release|ARM64.ActiveCfg = Release|ARM64
		{5D227C39-4C4C-4845-83F9-08E45AB32278}.Release|ARM64.Build.0 = Release|ARM64
		{5D227C39-4C4C-4845-83F9-08E45AB32278}.Release|ARM64.Deploy.0 = Release|ARM64
		{5D227C39-4C4C-4845-83F9-08E45AB32278}.Release|x64.ActiveCfg = Release|x64
		{5D227C39-4C4C-4845-83F9-08E45AB32278}.Release|x64.Build.0 = Release|x64
		{5D227C39-4C4C-4845-83F9-08E45AB32278}.Release|x64.Deploy.0 = Release|x64
		{5D227C39-4C4C-4845-83F9-08E45AB32278}.Release|x86.ActiveCfg = Release|x86
		{5D227C39-4C4C-4845-83F9-08E45AB32278}.Release|x86.Build.0 = Release|x86
		{5D227C39-4C4C-4845-83F9-08E45AB32278}.Release|x86.Deploy.0 = Release|x86
		{3E22608A-8984-4229-A855-050736C2B30B}.Debug|Any CPU.ActiveCfg = Debug|Any CPU
		{3E22608A-8984-4229-A855-050736C2B30B}.Debug|Any CPU.Build.0 = Debug|Any CPU
		{3E22608A-8984-4229-A855-050736C2B30B}.Debug|ARM.ActiveCfg = Debug|Any CPU
		{3E22608A-8984-4229-A855-050736C2B30B}.Debug|ARM.Build.0 = Debug|Any CPU
		{3E22608A-8984-4229-A855-050736C2B30B}.Debug|ARM64.ActiveCfg = Debug|Any CPU
		{3E22608A-8984-4229-A855-050736C2B30B}.Debug|ARM64.Build.0 = Debug|Any CPU
		{3E22608A-8984-4229-A855-050736C2B30B}.Debug|x64.ActiveCfg = Debug|Any CPU
		{3E22608A-8984-4229-A855-050736C2B30B}.Debug|x64.Build.0 = Debug|Any CPU
		{3E22608A-8984-4229-A855-050736C2B30B}.Debug|x86.ActiveCfg = Debug|Any CPU
		{3E22608A-8984-4229-A855-050736C2B30B}.Debug|x86.Build.0 = Debug|Any CPU
		{3E22608A-8984-4229-A855-050736C2B30B}.Release|Any CPU.ActiveCfg = Release|Any CPU
		{3E22608A-8984-4229-A855-050736C2B30B}.Release|Any CPU.Build.0 = Release|Any CPU
		{3E22608A-8984-4229-A855-050736C2B30B}.Release|ARM.ActiveCfg = Release|Any CPU
		{3E22608A-8984-4229-A855-050736C2B30B}.Release|ARM.Build.0 = Release|Any CPU
		{3E22608A-8984-4229-A855-050736C2B30B}.Release|ARM64.ActiveCfg = Release|Any CPU
		{3E22608A-8984-4229-A855-050736C2B30B}.Release|ARM64.Build.0 = Release|Any CPU
		{3E22608A-8984-4229-A855-050736C2B30B}.Release|x64.ActiveCfg = Release|Any CPU
		{3E22608A-8984-4229-A855-050736C2B30B}.Release|x64.Build.0 = Release|Any CPU
		{3E22608A-8984-4229-A855-050736C2B30B}.Release|x86.ActiveCfg = Release|Any CPU
		{3E22608A-8984-4229-A855-050736C2B30B}.Release|x86.Build.0 = Release|Any CPU
		{8FF4B57B-FC4A-4F56-A132-E1E71BCE4A14}.Debug|Any CPU.ActiveCfg = Debug|Any CPU
		{8FF4B57B-FC4A-4F56-A132-E1E71BCE4A14}.Debug|Any CPU.Build.0 = Debug|Any CPU
		{8FF4B57B-FC4A-4F56-A132-E1E71BCE4A14}.Debug|ARM.ActiveCfg = Debug|Any CPU
		{8FF4B57B-FC4A-4F56-A132-E1E71BCE4A14}.Debug|ARM.Build.0 = Debug|Any CPU
		{8FF4B57B-FC4A-4F56-A132-E1E71BCE4A14}.Debug|ARM64.ActiveCfg = Debug|Any CPU
		{8FF4B57B-FC4A-4F56-A132-E1E71BCE4A14}.Debug|ARM64.Build.0 = Debug|Any CPU
		{8FF4B57B-FC4A-4F56-A132-E1E71BCE4A14}.Debug|x64.ActiveCfg = Debug|Any CPU
		{8FF4B57B-FC4A-4F56-A132-E1E71BCE4A14}.Debug|x64.Build.0 = Debug|Any CPU
		{8FF4B57B-FC4A-4F56-A132-E1E71BCE4A14}.Debug|x86.ActiveCfg = Debug|Any CPU
		{8FF4B57B-FC4A-4F56-A132-E1E71BCE4A14}.Debug|x86.Build.0 = Debug|Any CPU
		{8FF4B57B-FC4A-4F56-A132-E1E71BCE4A14}.Release|Any CPU.ActiveCfg = Release|Any CPU
		{8FF4B57B-FC4A-4F56-A132-E1E71BCE4A14}.Release|Any CPU.Build.0 = Release|Any CPU
		{8FF4B57B-FC4A-4F56-A132-E1E71BCE4A14}.Release|ARM.ActiveCfg = Release|Any CPU
		{8FF4B57B-FC4A-4F56-A132-E1E71BCE4A14}.Release|ARM.Build.0 = Release|Any CPU
		{8FF4B57B-FC4A-4F56-A132-E1E71BCE4A14}.Release|ARM64.ActiveCfg = Release|Any CPU
		{8FF4B57B-FC4A-4F56-A132-E1E71BCE4A14}.Release|ARM64.Build.0 = Release|Any CPU
		{8FF4B57B-FC4A-4F56-A132-E1E71BCE4A14}.Release|x64.ActiveCfg = Release|Any CPU
		{8FF4B57B-FC4A-4F56-A132-E1E71BCE4A14}.Release|x64.Build.0 = Release|Any CPU
		{8FF4B57B-FC4A-4F56-A132-E1E71BCE4A14}.Release|x86.ActiveCfg = Release|Any CPU
		{8FF4B57B-FC4A-4F56-A132-E1E71BCE4A14}.Release|x86.Build.0 = Release|Any CPU
		{A7669A4D-1700-407F-8BEF-2B2CE7AF226B}.Debug|Any CPU.ActiveCfg = Debug|Any CPU
		{A7669A4D-1700-407F-8BEF-2B2CE7AF226B}.Debug|Any CPU.Build.0 = Debug|Any CPU
		{A7669A4D-1700-407F-8BEF-2B2CE7AF226B}.Debug|ARM.ActiveCfg = Debug|Any CPU
		{A7669A4D-1700-407F-8BEF-2B2CE7AF226B}.Debug|ARM.Build.0 = Debug|Any CPU
		{A7669A4D-1700-407F-8BEF-2B2CE7AF226B}.Debug|ARM64.ActiveCfg = Debug|Any CPU
		{A7669A4D-1700-407F-8BEF-2B2CE7AF226B}.Debug|ARM64.Build.0 = Debug|Any CPU
		{A7669A4D-1700-407F-8BEF-2B2CE7AF226B}.Debug|x64.ActiveCfg = Debug|Any CPU
		{A7669A4D-1700-407F-8BEF-2B2CE7AF226B}.Debug|x64.Build.0 = Debug|Any CPU
		{A7669A4D-1700-407F-8BEF-2B2CE7AF226B}.Debug|x86.ActiveCfg = Debug|Any CPU
		{A7669A4D-1700-407F-8BEF-2B2CE7AF226B}.Debug|x86.Build.0 = Debug|Any CPU
		{A7669A4D-1700-407F-8BEF-2B2CE7AF226B}.Release|Any CPU.ActiveCfg = Release|Any CPU
		{A7669A4D-1700-407F-8BEF-2B2CE7AF226B}.Release|Any CPU.Build.0 = Release|Any CPU
		{A7669A4D-1700-407F-8BEF-2B2CE7AF226B}.Release|ARM.ActiveCfg = Release|Any CPU
		{A7669A4D-1700-407F-8BEF-2B2CE7AF226B}.Release|ARM.Build.0 = Release|Any CPU
		{A7669A4D-1700-407F-8BEF-2B2CE7AF226B}.Release|ARM64.ActiveCfg = Release|Any CPU
		{A7669A4D-1700-407F-8BEF-2B2CE7AF226B}.Release|ARM64.Build.0 = Release|Any CPU
		{A7669A4D-1700-407F-8BEF-2B2CE7AF226B}.Release|x64.ActiveCfg = Release|Any CPU
		{A7669A4D-1700-407F-8BEF-2B2CE7AF226B}.Release|x64.Build.0 = Release|Any CPU
		{A7669A4D-1700-407F-8BEF-2B2CE7AF226B}.Release|x86.ActiveCfg = Release|Any CPU
		{A7669A4D-1700-407F-8BEF-2B2CE7AF226B}.Release|x86.Build.0 = Release|Any CPU
		{2379E887-A3D5-4EF0-A26E-C64F7417851E}.Debug|Any CPU.ActiveCfg = Debug|Any CPU
		{2379E887-A3D5-4EF0-A26E-C64F7417851E}.Debug|Any CPU.Build.0 = Debug|Any CPU
		{2379E887-A3D5-4EF0-A26E-C64F7417851E}.Debug|ARM.ActiveCfg = Debug|Any CPU
		{2379E887-A3D5-4EF0-A26E-C64F7417851E}.Debug|ARM.Build.0 = Debug|Any CPU
		{2379E887-A3D5-4EF0-A26E-C64F7417851E}.Debug|ARM64.ActiveCfg = Debug|Any CPU
		{2379E887-A3D5-4EF0-A26E-C64F7417851E}.Debug|ARM64.Build.0 = Debug|Any CPU
		{2379E887-A3D5-4EF0-A26E-C64F7417851E}.Debug|x64.ActiveCfg = Debug|Any CPU
		{2379E887-A3D5-4EF0-A26E-C64F7417851E}.Debug|x64.Build.0 = Debug|Any CPU
		{2379E887-A3D5-4EF0-A26E-C64F7417851E}.Debug|x86.ActiveCfg = Debug|Any CPU
		{2379E887-A3D5-4EF0-A26E-C64F7417851E}.Debug|x86.Build.0 = Debug|Any CPU
		{2379E887-A3D5-4EF0-A26E-C64F7417851E}.Release|Any CPU.ActiveCfg = Release|Any CPU
		{2379E887-A3D5-4EF0-A26E-C64F7417851E}.Release|Any CPU.Build.0 = Release|Any CPU
		{2379E887-A3D5-4EF0-A26E-C64F7417851E}.Release|ARM.ActiveCfg = Release|Any CPU
		{2379E887-A3D5-4EF0-A26E-C64F7417851E}.Release|ARM.Build.0 = Release|Any CPU
		{2379E887-A3D5-4EF0-A26E-C64F7417851E}.Release|ARM64.ActiveCfg = Release|Any CPU
		{2379E887-A3D5-4EF0-A26E-C64F7417851E}.Release|ARM64.Build.0 = Release|Any CPU
		{2379E887-A3D5-4EF0-A26E-C64F7417851E}.Release|x64.ActiveCfg = Release|Any CPU
		{2379E887-A3D5-4EF0-A26E-C64F7417851E}.Release|x64.Build.0 = Release|Any CPU
		{2379E887-A3D5-4EF0-A26E-C64F7417851E}.Release|x86.ActiveCfg = Release|Any CPU
		{2379E887-A3D5-4EF0-A26E-C64F7417851E}.Release|x86.Build.0 = Release|Any CPU
		{B4F11A2B-6216-4156-9935-FB8A7572F02B}.Debug|Any CPU.ActiveCfg = Debug|Any CPU
		{B4F11A2B-6216-4156-9935-FB8A7572F02B}.Debug|Any CPU.Build.0 = Debug|Any CPU
		{B4F11A2B-6216-4156-9935-FB8A7572F02B}.Debug|ARM.ActiveCfg = Debug|Any CPU
		{B4F11A2B-6216-4156-9935-FB8A7572F02B}.Debug|ARM.Build.0 = Debug|Any CPU
		{B4F11A2B-6216-4156-9935-FB8A7572F02B}.Debug|ARM64.ActiveCfg = Debug|Any CPU
		{B4F11A2B-6216-4156-9935-FB8A7572F02B}.Debug|ARM64.Build.0 = Debug|Any CPU
		{B4F11A2B-6216-4156-9935-FB8A7572F02B}.Debug|x64.ActiveCfg = Debug|Any CPU
		{B4F11A2B-6216-4156-9935-FB8A7572F02B}.Debug|x64.Build.0 = Debug|Any CPU
		{B4F11A2B-6216-4156-9935-FB8A7572F02B}.Debug|x86.ActiveCfg = Debug|Any CPU
		{B4F11A2B-6216-4156-9935-FB8A7572F02B}.Debug|x86.Build.0 = Debug|Any CPU
		{B4F11A2B-6216-4156-9935-FB8A7572F02B}.Release|Any CPU.ActiveCfg = Release|Any CPU
		{B4F11A2B-6216-4156-9935-FB8A7572F02B}.Release|Any CPU.Build.0 = Release|Any CPU
		{B4F11A2B-6216-4156-9935-FB8A7572F02B}.Release|ARM.ActiveCfg = Release|Any CPU
		{B4F11A2B-6216-4156-9935-FB8A7572F02B}.Release|ARM.Build.0 = Release|Any CPU
		{B4F11A2B-6216-4156-9935-FB8A7572F02B}.Release|ARM64.ActiveCfg = Release|Any CPU
		{B4F11A2B-6216-4156-9935-FB8A7572F02B}.Release|ARM64.Build.0 = Release|Any CPU
		{B4F11A2B-6216-4156-9935-FB8A7572F02B}.Release|x64.ActiveCfg = Release|Any CPU
		{B4F11A2B-6216-4156-9935-FB8A7572F02B}.Release|x64.Build.0 = Release|Any CPU
		{B4F11A2B-6216-4156-9935-FB8A7572F02B}.Release|x86.ActiveCfg = Release|Any CPU
		{B4F11A2B-6216-4156-9935-FB8A7572F02B}.Release|x86.Build.0 = Release|Any CPU
	EndGlobalSection
	GlobalSection(SolutionProperties) = preSolution
		HideSolutionNode = FALSE
	EndGlobalSection
	GlobalSection(ExtensibilityGlobals) = postSolution
		SolutionGuid = {6DF40EF2-F0BC-41BE-8AB1-D20AC72CA24E}
	EndGlobalSection
EndGlobal
